
Microsoft Visual Studio Solution File, Format Version 12.00
# Visual Studio Version 17
VisualStudioVersion = 17.0.31903.59
MinimumVisualStudioVersion = 10.0.40219.1
Project("{FAE04EC0-301F-11D3-BF4B-00C04F79EFBC}") = "LumoraAcademy", "LumoraAcademy\LumoraAcademy.csproj", "{6E4ABC2C-D5AB-4FD5-9E1F-E9CC588008EB}"
EndProject
Global
	GlobalSection(SolutionConfigurationPlatforms) = preSolution
		Debug|Any CPU = Debug|Any CPU
		Release|Any CPU = Release|Any CPU
	EndGlobalSection
	GlobalSection(SolutionProperties) = preSolution
		HideSolutionNode = FALSE
	EndGlobalSection
	GlobalSection(ProjectConfigurationPlatforms) = postSolution
		{6E4ABC2C-D5AB-4FD5-9E1F-E9CC588008EB}.Debug|Any CPU.ActiveCfg = Debug|Any CPU
		{6E4ABC2C-D5AB-4FD5-9E1F-E9CC588008EB}.Debug|Any CPU.Build.0 = Debug|Any CPU
		{6E4ABC2C-D5AB-4FD5-9E1F-E9CC588008EB}.Debug|Any CPU.Deploy.0 = Debug|Any CPU
		{6E4ABC2C-D5AB-4FD5-9E1F-E9CC588008EB}.Release|Any CPU.ActiveCfg = Release|Any CPU
		{6E4ABC2C-D5AB-4FD5-9E1F-E9CC588008EB}.Release|Any CPU.Build.0 = Release|Any CPU
		{6E4ABC2C-D5AB-4FD5-9E1F-E9CC588008EB}.Release|Any CPU.Deploy.0 = Release|Any CPU
	EndGlobalSection
EndGlobal
